
Microsoft Visual Studio Solution File, Format Version 12.00
# Visual Studio Version 17
VisualStudioVersion = 17.0.31903.59
MinimumVisualStudioVersion = 10.0.40219.1
Project("{9A19103F-16F7-4668-BE54-9A1E7A4F7556}") = "finance-app", "finance-app.csproj", "{C8C01338-AB40-4103-B625-E56566F35BE4}"
EndProject
Project("{9A19103F-16F7-4668-BE54-9A1E7A4F7556}") = "Authentication", "..\Authentication\Authentication.csproj", "{C23BE801-BB79-462A-B219-90710B8C353E}"
EndProject
Project("{9A19103F-16F7-4668-BE54-9A1E7A4F7556}") = "FinanceRepository", "..\FinanceRepository\FinanceRepository.csproj", "{450D6D98-01D3-413D-BC2A-B2392140F78B}"
EndProject
Project("{9A19103F-16F7-4668-BE54-9A1E7A4F7556}") = "Libraries.Repository", "..\Libraries.Repository\Libraries.Repository.csproj", "{58C7E5DC-8D8F-4508-B293-334E15934810}"
EndProject
Project("{9A19103F-16F7-4668-BE54-9A1E7A4F7556}") = "Authentication.UnitTests", "..\Authentication.UnitTests\Authentication.UnitTests.csproj", "{5D29A19F-FEBE-4002-A7A5-590C1C6EEC7E}"
EndProject
Project("{9A19103F-16F7-4668-BE54-9A1E7A4F7556}") = "FinanceApplicationUsers", "..\FinanceApplicationUsers\FinanceApplicationUsers.csproj", "{158C8B51-835B-41AA-9112-E96D990ED24D}"
EndProject
Project("{9A19103F-16F7-4668-BE54-9A1E7A4F7556}") = "Authentication.Service", "..\Authentication.Service\Authentication.Service.csproj", "{4302A3C1-7236-45D1-B832-CD47BDF62601}"
EndProject
Project("{9A19103F-16F7-4668-BE54-9A1E7A4F7556}") = "Libraries.Application", "..\Libraries.Application\Libraries.Application.csproj", "{2D53E0BA-FF6E-4D7C-BAE9-2078D16697EE}"
EndProject
Global
	GlobalSection(SolutionConfigurationPlatforms) = preSolution
		Debug|Any CPU = Debug|Any CPU
		Release|Any CPU = Release|Any CPU
	EndGlobalSection
	GlobalSection(ProjectConfigurationPlatforms) = postSolution
		{C8C01338-AB40-4103-B625-E56566F35BE4}.Debug|Any CPU.ActiveCfg = Debug|Any CPU
		{C8C01338-AB40-4103-B625-E56566F35BE4}.Debug|Any CPU.Build.0 = Debug|Any CPU
		{C8C01338-AB40-4103-B625-E56566F35BE4}.Release|Any CPU.ActiveCfg = Release|Any CPU
		{C8C01338-AB40-4103-B625-E56566F35BE4}.Release|Any CPU.Build.0 = Release|Any CPU
		{C23BE801-BB79-462A-B219-90710B8C353E}.Debug|Any CPU.ActiveCfg = Debug|Any CPU
		{C23BE801-BB79-462A-B219-90710B8C353E}.Debug|Any CPU.Build.0 = Debug|Any CPU
		{C23BE801-BB79-462A-B219-90710B8C353E}.Release|Any CPU.ActiveCfg = Release|Any CPU
		{C23BE801-BB79-462A-B219-90710B8C353E}.Release|Any CPU.Build.0 = Release|Any CPU
		{450D6D98-01D3-413D-BC2A-B2392140F78B}.Debug|Any CPU.ActiveCfg = Debug|Any CPU
		{450D6D98-01D3-413D-BC2A-B2392140F78B}.Debug|Any CPU.Build.0 = Debug|Any CPU
		{450D6D98-01D3-413D-BC2A-B2392140F78B}.Release|Any CPU.ActiveCfg = Release|Any CPU
		{450D6D98-01D3-413D-BC2A-B2392140F78B}.Release|Any CPU.Build.0 = Release|Any CPU
		{58C7E5DC-8D8F-4508-B293-334E15934810}.Debug|Any CPU.ActiveCfg = Debug|Any CPU
		{58C7E5DC-8D8F-4508-B293-334E15934810}.Debug|Any CPU.Build.0 = Debug|Any CPU
		{58C7E5DC-8D8F-4508-B293-334E15934810}.Release|Any CPU.ActiveCfg = Release|Any CPU
		{58C7E5DC-8D8F-4508-B293-334E15934810}.Release|Any CPU.Build.0 = Release|Any CPU
		{5D29A19F-FEBE-4002-A7A5-590C1C6EEC7E}.Debug|Any CPU.ActiveCfg = Debug|Any CPU
		{5D29A19F-FEBE-4002-A7A5-590C1C6EEC7E}.Debug|Any CPU.Build.0 = Debug|Any CPU
		{5D29A19F-FEBE-4002-A7A5-590C1C6EEC7E}.Release|Any CPU.ActiveCfg = Release|Any CPU
		{5D29A19F-FEBE-4002-A7A5-590C1C6EEC7E}.Release|Any CPU.Build.0 = Release|Any CPU
		{158C8B51-835B-41AA-9112-E96D990ED24D}.Debug|Any CPU.ActiveCfg = Debug|Any CPU
		{158C8B51-835B-41AA-9112-E96D990ED24D}.Debug|Any CPU.Build.0 = Debug|Any CPU
		{158C8B51-835B-41AA-9112-E96D990ED24D}.Release|Any CPU.ActiveCfg = Release|Any CPU
		{158C8B51-835B-41AA-9112-E96D990ED24D}.Release|Any CPU.Build.0 = Release|Any CPU
		{4302A3C1-7236-45D1-B832-CD47BDF62601}.Debug|Any CPU.ActiveCfg = Debug|Any CPU
		{4302A3C1-7236-45D1-B832-CD47BDF62601}.Debug|Any CPU.Build.0 = Debug|Any CPU
		{4302A3C1-7236-45D1-B832-CD47BDF62601}.Release|Any CPU.ActiveCfg = Release|Any CPU
		{4302A3C1-7236-45D1-B832-CD47BDF62601}.Release|Any CPU.Build.0 = Release|Any CPU
		{2D53E0BA-FF6E-4D7C-BAE9-2078D16697EE}.Debug|Any CPU.ActiveCfg = Debug|Any CPU
		{2D53E0BA-FF6E-4D7C-BAE9-2078D16697EE}.Debug|Any CPU.Build.0 = Debug|Any CPU
		{2D53E0BA-FF6E-4D7C-BAE9-2078D16697EE}.Release|Any CPU.ActiveCfg = Release|Any CPU
		{2D53E0BA-FF6E-4D7C-BAE9-2078D16697EE}.Release|Any CPU.Build.0 = Release|Any CPU
	EndGlobalSection
	GlobalSection(SolutionProperties) = preSolution
		HideSolutionNode = FALSE
	EndGlobalSection
	GlobalSection(ExtensibilityGlobals) = postSolution
		SolutionGuid = {6CC726D2-93D4-4A01-9FE6-BD7B547DF2B6}
	EndGlobalSection
EndGlobal
